{
  "name": "functionalish-javascript",
  "version": "1.0.0",
  "lockfileVersion": 1,
  "requires": true,
  "dependencies": {
    "@styled-system/css": {
      "version": "5.1.5",
      "resolved": "https://registry.npmjs.org/@styled-system/css/-/css-5.1.5.tgz",
      "integrity": "sha512-XkORZdS5kypzcBotAMPBoeckDs9aSZVkvrAlq5K3xP8IMAUek+x2O4NtwoSgkYkWWzVBu6DGdFZLR790QWGG+A=="
    },
    "@thi.ng/api": {
      "version": "6.8.3",
      "resolved": "https://registry.npmjs.org/@thi.ng/api/-/api-6.8.3.tgz",
      "integrity": "sha512-C0bJfNoraJdUZLZ1NFfPWKqezoVGb7b428gyyWnEDjLuYyAFXruh1G1hi34HJibmWeVqa0/ZqMLpP7X9byA9GA=="
    },
    "@thi.ng/arrays": {
      "version": "0.3.0",
      "resolved": "https://registry.npmjs.org/@thi.ng/arrays/-/arrays-0.3.0.tgz",
      "integrity": "sha512-wdg+2hLHGTTZZLYc7NRNvHaC4QcUXxzAiVq84S60LB9OfR3eQ9CFP4NzQAuDC0PmLWb4JfRv/fackbP0foJiGg==",
      "requires": {
        "@thi.ng/api": "^6.5.0",
        "@thi.ng/checks": "^2.4.1",
        "@thi.ng/compare": "^1.0.10",
        "@thi.ng/equiv": "^1.0.10",
        "@thi.ng/errors": "^1.2.1",
        "@thi.ng/random": "^1.1.13"
      }
    },
    "@thi.ng/associative": {
      "version": "3.1.8",
      "resolved": "https://registry.npmjs.org/@thi.ng/associative/-/associative-3.1.8.tgz",
      "integrity": "sha512-zPLPJpUAKXzxi/j0DDsuAQi2vj9JmscIfR0EicVfLuVk5YrfS60EfO117MY3DpqPuTAKTYrkO4OLTATCHLA9wg==",
      "requires": {
        "@thi.ng/api": "^6.8.3",
        "@thi.ng/binary": "^2.0.0",
        "@thi.ng/checks": "^2.5.4",
        "@thi.ng/compare": "^1.2.1",
        "@thi.ng/dcons": "^2.2.7",
        "@thi.ng/equiv": "^1.0.16",
        "@thi.ng/errors": "^1.2.7",
        "@thi.ng/transducers": "^6.4.1"
      }
    },
    "@thi.ng/atom": {
      "version": "3.1.8",
      "resolved": "https://registry.npmjs.org/@thi.ng/atom/-/atom-3.1.8.tgz",
      "integrity": "sha512-ge0FwmB5oBOBALggCxptpdqxdmVLTdi4ecU+d94qHglnpGCsQRd1Mvc90/JFJahLFDIkHWsGeFWENjyqTylqIg==",
      "requires": {
        "@thi.ng/api": "^6.8.3",
        "@thi.ng/checks": "^2.5.4",
        "@thi.ng/equiv": "^1.0.16",
        "@thi.ng/errors": "^1.2.7",
        "@thi.ng/paths": "^3.0.5"
      },
      "dependencies": {
        "@thi.ng/paths": {
          "version": "3.0.5",
          "resolved": "https://registry.npmjs.org/@thi.ng/paths/-/paths-3.0.5.tgz",
          "integrity": "sha512-hopVQlQchA1YWBf7eeYzL21mI85zsbpC0QltnUKXjLfZw+Y6JN9J+uLxUBPfxJ69Y+Ko1ZwnWeLMpFKnYLC1Yw==",
          "requires": {
            "@thi.ng/checks": "^2.5.4",
            "@thi.ng/errors": "^1.2.7"
          }
        }
      }
    },
    "@thi.ng/bench": {
      "version": "1.0.11",
      "resolved": "https://registry.npmjs.org/@thi.ng/bench/-/bench-1.0.11.tgz",
      "integrity": "sha512-oXINPiWLFKfMOzk7Tbs5PtHbhJIJyVVqFfIgKRb0svlObeAq3YzORd5FfZtFDJ2bnzt7F8AWiUYwR8PIWuiwng=="
    },
    "@thi.ng/binary": {
      "version": "2.0.0",
      "resolved": "https://registry.npmjs.org/@thi.ng/binary/-/binary-2.0.0.tgz",
      "integrity": "sha512-p0aKhJko3erhv6zVnnkVKAa8ELYFVhkft2lGRyvqU2dvdlbjsWgljVPef2YUdBjEpjSCvKdfI+v+C8FvOU+rxQ=="
    },
    "@thi.ng/checks": {
      "version": "2.5.4",
      "resolved": "https://registry.npmjs.org/@thi.ng/checks/-/checks-2.5.4.tgz",
      "integrity": "sha512-3TSS7aLszIAqpYa3VHsm6mB3pNV0TwTr+CM1fxS3MrTtBxqTeiE3L2xjPau1LjhmtU+/NlqudTblvZfva6nGSA=="
    },
    "@thi.ng/compare": {
      "version": "1.2.1",
      "resolved": "https://registry.npmjs.org/@thi.ng/compare/-/compare-1.2.1.tgz",
      "integrity": "sha512-xzOyW5x6YNwLXxR4zgdjy2Sni4Qi0nEQWfRsEvQoMBijloAQAGBSHbv+PknVtUbtFJ92eSjWRw/1fnaLi+1MXg==",
      "requires": {
        "@thi.ng/api": "^6.8.3"
      }
    },
    "@thi.ng/compose": {
      "version": "1.3.12",
      "resolved": "https://registry.npmjs.org/@thi.ng/compose/-/compose-1.3.12.tgz",
      "integrity": "sha512-WTYpRKJ/+JNu+MekHsFtLxxdDNHZlDCHf2LI00XBZoD5foMxZo5OJtP59URCK4nV2rkMdewenbWevNiqPjZvWw==",
      "requires": {
        "@thi.ng/api": "^6.8.3",
        "@thi.ng/errors": "^1.2.7"
      }
    },
    "@thi.ng/csp": {
      "version": "1.1.14",
      "resolved": "https://registry.npmjs.org/@thi.ng/csp/-/csp-1.1.14.tgz",
      "integrity": "sha512-LKzGBhN/1+zZl/OPc8WDUMJbo44dWgOEPN1yw7MuzHXFFQQHdVYx6llmA8agWe8yYZDoFxgxRufxEVob9h3WpQ==",
      "requires": {
        "@thi.ng/api": "^6.8.3",
        "@thi.ng/arrays": "^0.5.6",
        "@thi.ng/checks": "^2.5.4",
        "@thi.ng/dcons": "^2.2.7",
        "@thi.ng/errors": "^1.2.7",
        "@thi.ng/transducers": "^6.4.1"
      },
      "dependencies": {
        "@thi.ng/arrays": {
          "version": "0.5.6",
          "resolved": "https://registry.npmjs.org/@thi.ng/arrays/-/arrays-0.5.6.tgz",
          "integrity": "sha512-dU6BiYjyPg+HBT+B23Fpc1oomWK64qD+Sj9ZYuQZ5/ESZY27jgVjZLgY96YYTkgNzijpB/iWtqAT2LVBVrso1w==",
          "requires": {
            "@thi.ng/api": "^6.8.3",
            "@thi.ng/checks": "^2.5.4",
            "@thi.ng/compare": "^1.2.1",
            "@thi.ng/equiv": "^1.0.16",
            "@thi.ng/errors": "^1.2.7",
            "@thi.ng/random": "^1.4.1"
          }
        }
      }
    },
    "@thi.ng/dcons": {
      "version": "2.2.7",
      "resolved": "https://registry.npmjs.org/@thi.ng/dcons/-/dcons-2.2.7.tgz",
      "integrity": "sha512-/qE7HNamXJE4smnyaBkXvdAWA72kLcJRE77yEIQu1oTdP27lftB6obGIdhfo/sCP3g8l/2NUfltG0uWcFnQpyA==",
      "requires": {
        "@thi.ng/api": "^6.8.3",
        "@thi.ng/checks": "^2.5.4",
        "@thi.ng/compare": "^1.2.1",
        "@thi.ng/equiv": "^1.0.16",
        "@thi.ng/errors": "^1.2.7",
        "@thi.ng/random": "^1.4.1",
        "@thi.ng/transducers": "^6.4.1"
      }
    },
    "@thi.ng/diff": {
      "version": "3.2.12",
      "resolved": "https://registry.npmjs.org/@thi.ng/diff/-/diff-3.2.12.tgz",
      "integrity": "sha512-TR/oTPxcYOxjcdrPiEoEFbz1bWAkfO6IFJyk3HF4QsF4T1k+WRRGPPqcX50RPLmNIq1vGTnzNWYcAio2KuCPxQ==",
      "requires": {
        "@thi.ng/api": "^6.8.3",
        "@thi.ng/equiv": "^1.0.16"
      }
    },
    "@thi.ng/equiv": {
      "version": "1.0.16",
      "resolved": "https://registry.npmjs.org/@thi.ng/equiv/-/equiv-1.0.16.tgz",
      "integrity": "sha512-cqazNPc1BZFGIIGlJ5rZkg5MZPr5ueFrBkv+eNDMDUF34g6UoQD2p94kGl+KGHnasbULzeJNn0ylf3Mhx6BBRQ=="
    },
    "@thi.ng/errors": {
      "version": "1.2.7",
      "resolved": "https://registry.npmjs.org/@thi.ng/errors/-/errors-1.2.7.tgz",
      "integrity": "sha512-xbS999Jz3QI6JyxLNHMyBthsPwiGUpc442f+O87MPWyuAeb6xVCHdlArixTHQFr2ilKgc6GBGhWS+4OxH7xbUg=="
    },
    "@thi.ng/hdom": {
      "version": "8.0.14",
      "resolved": "https://registry.npmjs.org/@thi.ng/hdom/-/hdom-8.0.14.tgz",
      "integrity": "sha512-GxKo7gibNNsnNTArdbJB4Zk6aX3ikCo52M4EhNF/KftoCNTc9PYY0JoqV9N773wJzpvdFAiOAjYucGY9s3Yq/w==",
      "requires": {
        "@thi.ng/api": "^6.8.3",
        "@thi.ng/checks": "^2.5.4",
        "@thi.ng/diff": "^3.2.12",
        "@thi.ng/equiv": "^1.0.16",
        "@thi.ng/errors": "^1.2.7",
        "@thi.ng/hiccup": "^3.2.13"
      }
    },
    "@thi.ng/hiccup": {
      "version": "3.2.13",
      "resolved": "https://registry.npmjs.org/@thi.ng/hiccup/-/hiccup-3.2.13.tgz",
      "integrity": "sha512-MWIxC/9hWxsAbpM+NhcZVL/MPkSlNk1CURVkJDzvo3ra4uZDg1SN1N2zvUFDgZK9sIHI0L/LLZPAnY3agnr7Eg==",
      "requires": {
        "@thi.ng/checks": "^2.5.4",
        "@thi.ng/errors": "^1.2.7"
      }
    },
    "@thi.ng/hiccup-css": {
      "version": "1.1.14",
      "resolved": "https://registry.npmjs.org/@thi.ng/hiccup-css/-/hiccup-css-1.1.14.tgz",
      "integrity": "sha512-BLxxH/I0ugG3ns9Ju6DzKxwsOnizo/w3/VEymk7YmdZYqP0oMxYdbFgbzo0jJUcq0AtJMl8n23LmOaJzYiNWWg==",
      "requires": {
        "@thi.ng/api": "^6.8.3",
        "@thi.ng/checks": "^2.5.4",
        "@thi.ng/errors": "^1.2.7",
        "@thi.ng/transducers": "^6.4.1"
      }
    },
    "@thi.ng/math": {
      "version": "1.7.3",
      "resolved": "https://registry.npmjs.org/@thi.ng/math/-/math-1.7.3.tgz",
      "integrity": "sha512-H72nrTNZzYpx09d60kcCF3qlsijBgqnHL9BLD5GOQffsxZnM92shGaQLlH+Kg9tPmepOneC2Mn1JlBVEywmFMg=="
    },
    "@thi.ng/memoize": {
      "version": "2.0.3",
      "resolved": "https://registry.npmjs.org/@thi.ng/memoize/-/memoize-2.0.3.tgz",
      "integrity": "sha512-b7dC0Bun/tIgAPzx/tOEDdkuSJ71btGErSCsJ4swXF0oCI/VAOxL6foXhjGaGJuOd/yeoZsTgnn+iIsongm0pw==",
      "requires": {
        "@thi.ng/api": "^6.8.3"
      }
    },
    "@thi.ng/paths": {
      "version": "2.1.6",
      "resolved": "https://registry.npmjs.org/@thi.ng/paths/-/paths-2.1.6.tgz",
      "integrity": "sha512-8E40iIUWudmtuHS6JOq2T8DV/qxl+LF8rLBdI7czGX6kJ0zY5E5jXaMXAsswDQ9TGWY5EP9RiuZ5EBR18pbKrA==",
      "requires": {
        "@thi.ng/checks": "^2.4.1",
        "@thi.ng/errors": "^1.2.1"
      }
    },
    "@thi.ng/random": {
      "version": "1.4.1",
      "resolved": "https://registry.npmjs.org/@thi.ng/random/-/random-1.4.1.tgz",
      "integrity": "sha512-46BJQK3O3edCfLtRa5N05Bx0NHNDD9x8isoNvsMFqg7YbF2lUZ+hvSBwiK7336QEHDSSvLpC6FY0Lya0pcSrNA==",
      "requires": {
        "@thi.ng/api": "^6.8.3",
        "@thi.ng/checks": "^2.5.4"
      }
    },
    "@thi.ng/router": {
      "version": "2.0.13",
      "resolved": "https://registry.npmjs.org/@thi.ng/router/-/router-2.0.13.tgz",
      "integrity": "sha512-89r3iKl4H2CpBJcHF+eqE71xWL1g/3qa3QD5gyU/kA6jt/GwP9IxAQpDjTtHmcJz8lRFeTF7ac4AuZZ1Brw9sg==",
      "requires": {
        "@thi.ng/api": "^6.8.3",
        "@thi.ng/checks": "^2.5.4",
        "@thi.ng/equiv": "^1.0.16",
        "@thi.ng/errors": "^1.2.7"
      }
    },
    "@thi.ng/rstream": {
      "version": "3.0.7",
      "resolved": "https://registry.npmjs.org/@thi.ng/rstream/-/rstream-3.0.7.tgz",
      "integrity": "sha512-PhM8SUreGQtCFgW3cx4+na5g/97uYyhCeOpyLP/1X4q401U+mbaJUPjrmUMyfn4YU8YXfCaa5vE6z1+9f9OHog==",
      "requires": {
        "@thi.ng/api": "^6.8.3",
        "@thi.ng/associative": "^3.1.8",
        "@thi.ng/atom": "^3.1.8",
        "@thi.ng/checks": "^2.5.4",
        "@thi.ng/errors": "^1.2.7",
        "@thi.ng/paths": "^3.0.5",
        "@thi.ng/transducers": "^6.4.1"
      },
      "dependencies": {
        "@thi.ng/paths": {
          "version": "3.0.5",
          "resolved": "https://registry.npmjs.org/@thi.ng/paths/-/paths-3.0.5.tgz",
          "integrity": "sha512-hopVQlQchA1YWBf7eeYzL21mI85zsbpC0QltnUKXjLfZw+Y6JN9J+uLxUBPfxJ69Y+Ko1ZwnWeLMpFKnYLC1Yw==",
          "requires": {
            "@thi.ng/checks": "^2.5.4",
            "@thi.ng/errors": "^1.2.7"
          }
        }
      }
    },
    "@thi.ng/rstream-csp": {
      "version": "2.0.7",
      "resolved": "https://registry.npmjs.org/@thi.ng/rstream-csp/-/rstream-csp-2.0.7.tgz",
      "integrity": "sha512-g64kXDCveZwPSvEeB5kyDo8VYcGFCysJxyntGRohoPZc7CRySPY1TaVcvAgw+03XU8Y4UvG7MJELA9Z6qIEZVw==",
      "requires": {
        "@thi.ng/csp": "^1.1.14",
        "@thi.ng/rstream": "^3.0.7"
      }
    },
    "@thi.ng/strings": {
      "version": "1.7.0",
      "resolved": "https://registry.npmjs.org/@thi.ng/strings/-/strings-1.7.0.tgz",
      "integrity": "sha512-5eEwGyo5yDWebtuFr9pw1bZNLAIeehrfM8XywrvzNvvd+TTKsGXTzt9Uf+JWd1RJaAWUOMz3XZW39NFpIl5NQg==",
      "requires": {
        "@thi.ng/api": "^6.8.3",
        "@thi.ng/errors": "^1.2.7",
        "@thi.ng/memoize": "^2.0.3"
      }
    },
    "@thi.ng/transducers": {
      "version": "6.4.1",
      "resolved": "https://registry.npmjs.org/@thi.ng/transducers/-/transducers-6.4.1.tgz",
      "integrity": "sha512-wEzuBEHciQL8LrJ3g8Vma1zali/Xktf7jjvK7qtOVgNwrZqEx2dkmHBo4OJCxNOUqSnNEfDbGJtH3o5ZsYjD5Q==",
      "requires": {
        "@thi.ng/api": "^6.8.3",
        "@thi.ng/arrays": "^0.5.6",
        "@thi.ng/checks": "^2.5.4",
        "@thi.ng/compare": "^1.2.1",
        "@thi.ng/compose": "^1.3.12",
        "@thi.ng/equiv": "^1.0.16",
        "@thi.ng/errors": "^1.2.7",
        "@thi.ng/math": "^1.7.3",
        "@thi.ng/random": "^1.4.1",
        "@thi.ng/strings": "^1.7.0"
      },
      "dependencies": {
        "@thi.ng/arrays": {
          "version": "0.5.6",
          "resolved": "https://registry.npmjs.org/@thi.ng/arrays/-/arrays-0.5.6.tgz",
          "integrity": "sha512-dU6BiYjyPg+HBT+B23Fpc1oomWK64qD+Sj9ZYuQZ5/ESZY27jgVjZLgY96YYTkgNzijpB/iWtqAT2LVBVrso1w==",
          "requires": {
            "@thi.ng/api": "^6.8.3",
            "@thi.ng/checks": "^2.5.4",
            "@thi.ng/compare": "^1.2.1",
            "@thi.ng/equiv": "^1.0.16",
            "@thi.ng/errors": "^1.2.7",
            "@thi.ng/random": "^1.4.1"
          }
        }
      }
    },
    "@thi.ng/transducers-hdom": {
      "version": "2.0.39",
      "resolved": "https://registry.npmjs.org/@thi.ng/transducers-hdom/-/transducers-hdom-2.0.39.tgz",
      "integrity": "sha512-qtB6mTibg+GW0trcWVYjVOIc4x9J5poobG0l831mEPFC1bSsaD1PuiBB68wPrwDMXLQGtemtmMTxi2fRjTs00A==",
      "requires": {
        "@thi.ng/hdom": "^8.0.14",
        "@thi.ng/hiccup": "^3.2.13",
        "@thi.ng/transducers": "^6.4.1"
      }
    },
    "ansi-styles": {
      "version": "4.3.0",
      "resolved": "https://registry.npmjs.org/ansi-styles/-/ansi-styles-4.3.0.tgz",
      "integrity": "sha512-zbB9rCJAT1rbjiVDb2hqKFHNYLxgtk8NURxZ3IZwD3F6NtxbXZQCnnSi1Lkx+IDohdPlFp222wVALIheZJQSEg==",
      "requires": {
        "color-convert": "^2.0.1"
      }
    },
    "chalk": {
      "version": "3.0.0",
      "resolved": "https://registry.npmjs.org/chalk/-/chalk-3.0.0.tgz",
      "integrity": "sha512-4D3B6Wf41KOYRFdszmDqMCGq5VV/uMAB273JILmO+3jAlh8X4qDtdtgCR3fxtbLEMzSx22QdhnDcJvu2u1fVwg==",
      "requires": {
        "ansi-styles": "^4.1.0",
        "supports-color": "^7.1.0"
      }
    },
    "clone": {
      "version": "1.0.4",
      "resolved": "https://registry.npmjs.org/clone/-/clone-1.0.4.tgz",
      "integrity": "sha512-JQHZ2QMW6l3aH/j6xCqQThY/9OH4D/9ls34cgkUBiEeocRTU04tHfKPBsUK1PqZCUQM7GiA0IIXJSuXHI64Kbg==",
      "optional": true
    },
    "color-convert": {
      "version": "2.0.1",
      "resolved": "https://registry.npmjs.org/color-convert/-/color-convert-2.0.1.tgz",
      "integrity": "sha512-RRECPsj7iu/xb5oKYcsFHSppFNnsj/52OVTRKb4zP5onXwVF3zVmmToNcOfGC+CRDpfK/U584fMg38ZHCaElKQ==",
      "requires": {
        "color-name": "~1.1.4"
      }
    },
    "color-name": {
      "version": "1.1.4",
      "resolved": "https://registry.npmjs.org/color-name/-/color-name-1.1.4.tgz",
      "integrity": "sha512-dOy+3AuW3a2wNbZHIuMZpTcgjGuLU/uBL/ubcZF9OXbDo8ff4O8yVp5Bf0efS8uEoYo5q4Fx7dY9OgQGXgAsQA=="
    },
    "console-time": {
      "version": "1.0.9",
      "resolved": "https://registry.npmjs.org/console-time/-/console-time-1.0.9.tgz",
      "integrity": "sha512-II2WtG8SF8UT0lVlF2PIYl3NYsPF0+UMQuNNRkjwuO1njeKG2OsTJa/gPWYeI6adCcuQhY+JeRTbtU87esIH7w=="
    },
    "console.table": {
      "version": "0.10.0",
      "resolved": "https://registry.npmjs.org/console.table/-/console.table-0.10.0.tgz",
      "integrity": "sha512-dPyZofqggxuvSf7WXvNjuRfnsOk1YazkVP8FdxH4tcH2c37wc79/Yl6Bhr7Lsu00KMgy2ql/qCMuNu8xctZM8g==",
      "requires": {
        "easy-table": "1.1.0"
      }
    },
    "decamelize": {
      "version": "1.2.0",
      "resolved": "https://registry.npmjs.org/decamelize/-/decamelize-1.2.0.tgz",
      "integrity": "sha1-9lNNFRSCabIDUue+4m9QH5oZEpA="
    },
    "decamelize-keys-deep": {
      "version": "0.1.1",
      "resolved": "https://registry.npmjs.org/decamelize-keys-deep/-/decamelize-keys-deep-0.1.1.tgz",
      "integrity": "sha1-IuAEoIs3RS5mUEi/jma62mYdlI4=",
      "requires": {
        "decamelize": "^1.2.0",
        "map-obj": "^1.0.1"
      }
    },
    "defaults": {
      "version": "1.0.3",
      "resolved": "https://registry.npmjs.org/defaults/-/defaults-1.0.3.tgz",
      "integrity": "sha512-s82itHOnYrN0Ib8r+z7laQz3sdE+4FP3d9Q7VLO7U+KRT+CR0GsWuyHxzdAY82I7cXv0G/twrqomTJLOssO5HA==",
      "optional": true,
      "requires": {
        "clone": "^1.0.2"
      }
    },
    "easy-table": {
      "version": "1.1.0",
      "resolved": "https://registry.npmjs.org/easy-table/-/easy-table-1.1.0.tgz",
      "integrity": "sha512-oq33hWOSSnl2Hoh00tZWaIPi1ievrD9aFG82/IgjlycAnW9hHx5PkJiXpxPsgEE+H7BsbVQXFVFST8TEXS6/pA==",
      "requires": {
        "wcwidth": ">=1.0.1"
      }
    },
    "has-flag": {
      "version": "4.0.0",
      "resolved": "https://registry.npmjs.org/has-flag/-/has-flag-4.0.0.tgz",
      "integrity": "sha512-EykJT/Q1KjTWctppgIAgfSO0tKVuZUjhgMr17kqTumMl6Afv3EISleU7qZUzoXDFTAHTDC4NOoG/ZxU3EvlMPQ=="
    },
    "map-obj": {
      "version": "1.0.1",
      "resolved": "https://registry.npmjs.org/map-obj/-/map-obj-1.0.1.tgz",
      "integrity": "sha1-2TPOuSBdgr3PSIb2dCvcK03qFG0="
    },
    "node-fetch": {
      "version": "2.6.7",
      "resolved": "https://registry.npmjs.org/node-fetch/-/node-fetch-2.6.7.tgz",
      "integrity": "sha512-ZjMPFEfVx5j+y2yF35Kzx5sF7kDzxuDj6ziH4FFbOp87zKDZNx8yExJIb05OGF4Nlt9IHFIMBkRl41VdvcNdbQ==",
      "requires": {
        "whatwg-url": "^5.0.0"
      }
    },
    "styled-system-hdom": {
      "version": "0.1.4",
      "resolved": "https://registry.npmjs.org/styled-system-hdom/-/styled-system-hdom-0.1.4.tgz",
      "integrity": "sha512-riCQGdG+w5X4VcgOw62cNCw7L9eKRZt4Mg1EMOIDTjhU3oF3nVT/z2OkGcyI/WhpLNLWle0zk4fyzEg0p+KhxQ==",
      "requires": {
        "@styled-system/css": "^5.0.23",
        "@thi.ng/atom": "^3.1.0",
        "@thi.ng/hdom": "^9.0.0-alpha1",
        "@thi.ng/hiccup-css": "^1.1.5",
        "@thi.ng/paths": "^2.1.5",
        "decamelize-keys-deep": "^0.1.1"
      },
      "dependencies": {
        "@thi.ng/hdom": {
          "version": "9.0.0-alpha1",
          "resolved": "https://registry.npmjs.org/@thi.ng/hdom/-/hdom-9.0.0-alpha1.tgz",
          "integrity": "sha512-PU2y63ZIHuKj6LNIGI35QXO1pRfmfDcYgrrLOU7vTmfxjBz3yAlBZCV72ZTMMzt/lc3dZ7r/lZa0GyiYiV/URg==",
          "requires": {
            "@thi.ng/api": "^6.4.0",
            "@thi.ng/checks": "^2.4.0",
            "@thi.ng/diff": "^3.2.4",
            "@thi.ng/equiv": "^1.0.9",
            "@thi.ng/errors": "^1.2.0",
            "@thi.ng/hiccup": "^3.2.5"
          }
        }
      }
    },
    "supports-color": {
      "version": "7.2.0",
      "resolved": "https://registry.npmjs.org/supports-color/-/supports-color-7.2.0.tgz",
      "integrity": "sha512-qpCAvRl9stuOHveKsn7HncJRvv501qIacKzQlO/+Lwxc9+0q2wLyv4Dfvt80/DPn2pqOBsJdDiogXGR9+OvwRw==",
      "requires": {
        "has-flag": "^4.0.0"
      }
    },
    "tr46": {
      "version": "0.0.3",
      "resolved": "https://registry.npmjs.org/tr46/-/tr46-0.0.3.tgz",
      "integrity": "sha512-N3WMsuqV66lT30CrXNbEjx4GEwlow3v6rr4mCcv6prnfwhS01rkgyFdjPNBYd9br7LpXV1+Emh01fHnq2Gdgrw=="
    },
    "wcwidth": {
      "version": "1.0.1",
      "resolved": "https://registry.npmjs.org/wcwidth/-/wcwidth-1.0.1.tgz",
      "integrity": "sha512-XHPEwS0q6TaxcvG85+8EYkbiCux2XtWG2mkc47Ng2A77BQu9+DqIOJldST4HgPkuea7dvKSj5VgX3P1d4rW8Tg==",
      "optional": true,
      "requires": {
        "defaults": "^1.0.3"
      }
    },
    "webidl-conversions": {
      "version": "3.0.1",
      "resolved": "https://registry.npmjs.org/webidl-conversions/-/webidl-conversions-3.0.1.tgz",
      "integrity": "sha512-2JAn3z8AR6rjK8Sm8orRC0h/bcl/DqL7tRPdGZ4I1CjdF+EaMLmYxBHyXuKL849eucPFhvBoxMsflfOb8kxaeQ=="
    },
    "whatwg-url": {
      "version": "5.0.0",
      "resolved": "https://registry.npmjs.org/whatwg-url/-/whatwg-url-5.0.0.tgz",
      "integrity": "sha512-saE57nupxk6v3HY35+jzBwYa0rKSy0XR8JSxZPwgLr7ys0IBzhGviA1/TUGJLmSVqs8pb9AnvICXEuOHLprYTw==",
      "requires": {
        "tr46": "~0.0.3",
        "webidl-conversions": "^3.0.0"
      }
    }
  }
}
